
Microsoft Visual Studio Solution File, Format Version 12.00
# Visual Studio Version 17
VisualStudioVersion = 17.8.34330.188
MinimumVisualStudioVersion = 10.0.40219.1
Project("{FAE04EC0-301F-11D3-BF4B-00C04F79EFBC}") = "EMSWeb", "EMSWeb\EMSWeb.csproj", "{EFCA54F9-FCFB-48CE-B4DC-89E79B6DCB4F}"
EndProject
Global
	GlobalSection(SolutionConfigurationPlatforms) = preSolution
		Debug|Any CPU = Debug|Any CPU
		Release|Any CPU = Release|Any CPU
	EndGlobalSection
	GlobalSection(ProjectConfigurationPlatforms) = postSolution
		{EFCA54F9-FCFB-48CE-B4DC-89E79B6DCB4F}.Debug|Any CPU.ActiveCfg = Debug|Any CPU
		{EFCA54F9-FCFB-48CE-B4DC-89E79B6DCB4F}.Debug|Any CPU.Build.0 = Debug|Any CPU
		{EFCA54F9-FCFB-48CE-B4DC-89E79B6DCB4F}.Release|Any CPU.ActiveCfg = Release|Any CPU
		{EFCA54F9-FCFB-48CE-B4DC-89E79B6DCB4F}.Release|Any CPU.Build.0 = Release|Any CPU
	EndGlobalSection
	GlobalSection(SolutionProperties) = preSolution
		HideSolutionNode = FALSE
	EndGlobalSection
	GlobalSection(ExtensibilityGlobals) = postSolution
		SolutionGuid = {08E00125-83E4-4ED9-9D61-DBBD5BD7B978}
	EndGlobalSection
EndGlobal
